
Microsoft Visual Studio Solution File, Format Version 12.00
# Visual Studio 15
VisualStudioVersion = 15.0.28307.421
MinimumVisualStudioVersion = 10.0.40219.1
Project("{8BC9CEB8-8B4A-11D0-8D11-00A0C91BC942}") = "OggPlaySample", "OggPlaySample.vcxproj", "{23A5772F-C316-4EC5-A189-904EFD0A3FC9}"
EndProject
Global
	GlobalSection(SolutionConfigurationPlatforms) = preSolution
		Debug|x64 = Debug|x64
		Debug|x86 = Debug|x86
		Release|x64 = Release|x64
		Release|x86 = Release|x86
	EndGlobalSection
	GlobalSection(ProjectConfigurationPlatforms) = postSolution
		{23A5772F-C316-4EC5-A189-904EFD0A3FC9}.Debug|x64.ActiveCfg = Debug|x64
		{23A5772F-C316-4EC5-A189-904EFD0A3FC9}.Debug|x64.Build.0 = Debug|x64
		{23A5772F-C316-4EC5-A189-904EFD0A3FC9}.Debug|x86.ActiveCfg = Debug|Win32
		{23A5772F-C316-4EC5-A189-904EFD0A3FC9}.Debug|x86.Build.0 = Debug|Win32
		{23A5772F-C316-4EC5-A189-904EFD0A3FC9}.Release|x64.ActiveCfg = Release|x64
		{23A5772F-C316-4EC5-A189-904EFD0A3FC9}.Release|x64.Build.0 = Release|x64
		{23A5772F-C316-4EC5-A189-904EFD0A3FC9}.Release|x86.ActiveCfg = Release|Win32
		{23A5772F-C316-4EC5-A189-904EFD0A3FC9}.Release|x86.Build.0 = Release|Win32
	EndGlobalSection
	GlobalSection(SolutionProperties) = preSolution
		HideSolutionNode = FALSE
	EndGlobalSection
	GlobalSection(ExtensibilityGlobals) = postSolution
		SolutionGuid = {469BC75A-5D8A-46EA-B4E6-37723ABB600D}
	EndGlobalSection
EndGlobal
